
Microsoft Visual Studio Solution File, Format Version 12.00
# Visual Studio 2013
VisualStudioVersion = 12.0.31101.0
MinimumVisualStudioVersion = 10.0.40219.1
Project("{FAE04EC0-301F-11D3-BF4B-00C04F79EFBC}") = "web", "web\web.csproj", "{AA473973-A794-40A3-BDDD-9197D6483635}"
EndProject
Project("{FAE04EC0-301F-11D3-BF4B-00C04F79EFBC}") = "web.Tests", "web.Tests\web.Tests.csproj", "{69ABAD48-CB6E-407D-AB09-A77E36669760}"
EndProject
Global
	GlobalSection(SolutionConfigurationPlatforms) = preSolution
		Debug|Any CPU = Debug|Any CPU
		Release|Any CPU = Release|Any CPU
	EndGlobalSection
	GlobalSection(ProjectConfigurationPlatforms) = postSolution
		{AA473973-A794-40A3-BDDD-9197D6483635}.Debug|Any CPU.ActiveCfg = Debug|Any CPU
		{AA473973-A794-40A3-BDDD-9197D6483635}.Debug|Any CPU.Build.0 = Debug|Any CPU
		{AA473973-A794-40A3-BDDD-9197D6483635}.Release|Any CPU.ActiveCfg = Release|Any CPU
		{AA473973-A794-40A3-BDDD-9197D6483635}.Release|Any CPU.Build.0 = Release|Any CPU
		{69ABAD48-CB6E-407D-AB09-A77E36669760}.Debug|Any CPU.ActiveCfg = Debug|Any CPU
		{69ABAD48-CB6E-407D-AB09-A77E36669760}.Debug|Any CPU.Build.0 = Debug|Any CPU
		{69ABAD48-CB6E-407D-AB09-A77E36669760}.Release|Any CPU.ActiveCfg = Release|Any CPU
		{69ABAD48-CB6E-407D-AB09-A77E36669760}.Release|Any CPU.Build.0 = Release|Any CPU
	EndGlobalSection
	GlobalSection(SolutionProperties) = preSolution
		HideSolutionNode = FALSE
	EndGlobalSection
EndGlobal
